
Microsoft Visual Studio Solution File, Format Version 12.00
# Visual Studio 15
VisualStudioVersion = 15.0.27428.2005
MinimumVisualStudioVersion = 10.0.40219.1
Project("{FAE04EC0-301F-11D3-BF4B-00C04F79EFBC}") = "Sheduler", "Sheduler\Sheduler.csproj", "{6237354D-4FAA-4EFF-B161-14CB9F800E83}"
EndProject
Global
	GlobalSection(SolutionConfigurationPlatforms) = preSolution
		Debug|Any CPU = Debug|Any CPU
		Release|Any CPU = Release|Any CPU
	EndGlobalSection
	GlobalSection(ProjectConfigurationPlatforms) = postSolution
		{6237354D-4FAA-4EFF-B161-14CB9F800E83}.Debug|Any CPU.ActiveCfg = Debug|Any CPU
		{6237354D-4FAA-4EFF-B161-14CB9F800E83}.Debug|Any CPU.Build.0 = Debug|Any CPU
		{6237354D-4FAA-4EFF-B161-14CB9F800E83}.Release|Any CPU.ActiveCfg = Release|Any CPU
		{6237354D-4FAA-4EFF-B161-14CB9F800E83}.Release|Any CPU.Build.0 = Release|Any CPU
	EndGlobalSection
	GlobalSection(SolutionProperties) = preSolution
		HideSolutionNode = FALSE
	EndGlobalSection
	GlobalSection(ExtensibilityGlobals) = postSolution
		SolutionGuid = {502F89F6-46A2-491A-B2A7-CC51A13956FF}
	EndGlobalSection
EndGlobal
